{
  "ref": "main",
  "skills": {
    "changelog": "0.9.1",
    "cleanup-repo": "0.4.0",
    "commit": "0.1.0",
    "diagnose": null,
    "find-skills": null,
    "github-actions-docs": null,
    "grill-me": null,
    "grill-with-docs": null,
    "initialise-skills": "0.10.0",
    "linear-sync": "0.3.3",
    "pnpm": "2026.1.28",
    "preflight": "0.2.1",
    "release-status": "0.1.1",
    "send-it": "0.6.1",
    "shellcheck-configuration": null,
    "tdd": null,
    "triage-pr": "0.5.2",
    "vitest": "2026.1.28"
  },
  "source": "https://github.com/acme-skunkworks/agent-skills"
}
